// !$*UTF8*$!
{
	archiveVersion = 1;
	classes = {
	};
	objectVersion = 46;
	objects = {

/* Begin PBXBuildFile section */
		546B0DFE18E5897D0083A1C1 /* PTDLoginTableViewController.m in Sources */ = {isa = PBXBuildFile; fileRef = 546B0DFD18E5897D0083A1C1 /* PTDLoginTableViewController.m */; };
		5476D93F18E2E4F300EF2FE8 /* Foundation.framework in Frameworks */ = {isa = PBXBuildFile; fileRef = 5476D93E18E2E4F300EF2FE8 /* Foundation.framework */; };
		5476D94118E2E4F300EF2FE8 /* CoreGraphics.framework in Frameworks */ = {isa = PBXBuildFile; fileRef = 5476D94018E2E4F300EF2FE8 /* CoreGraphics.framework */; };
		5476D94318E2E4F300EF2FE8 /* UIKit.framework in Frameworks */ = {isa = PBXBuildFile; fileRef = 5476D94218E2E4F300EF2FE8 /* UIKit.framework */; };
		5476D94918E2E4F300EF2FE8 /* InfoPlist.strings in Resources */ = {isa = PBXBuildFile; fileRef = 5476D94718E2E4F300EF2FE8 /* InfoPlist.strings */; };
		5476D94B18E2E4F300EF2FE8 /* main.m in Sources */ = {isa = PBXBuildFile; fileRef = 5476D94A18E2E4F300EF2FE8 /* main.m */; };
		5476D94F18E2E4F300EF2FE8 /* PTDAppDelegate.m in Sources */ = {isa = PBXBuildFile; fileRef = 5476D94E18E2E4F300EF2FE8 /* PTDAppDelegate.m */; };
		5476D95118E2E4F300EF2FE8 /* Images.xcassets in Resources */ = {isa = PBXBuildFile; fileRef = 5476D95018E2E4F300EF2FE8 /* Images.xcassets */; };
		5476D95818E2E4F300EF2FE8 /* XCTest.framework in Frameworks */ = {isa = PBXBuildFile; fileRef = 5476D95718E2E4F300EF2FE8 /* XCTest.framework */; };
		5476D95918E2E4F300EF2FE8 /* Foundation.framework in Frameworks */ = {isa = PBXBuildFile; fileRef = 5476D93E18E2E4F300EF2FE8 /* Foundation.framework */; };
		5476D95A18E2E4F300EF2FE8 /* UIKit.framework in Frameworks */ = {isa = PBXBuildFile; fileRef = 5476D94218E2E4F300EF2FE8 /* UIKit.framework */; };
		5476D96218E2E4F300EF2FE8 /* InfoPlist.strings in Resources */ = {isa = PBXBuildFile; fileRef = 5476D96018E2E4F300EF2FE8 /* InfoPlist.strings */; };
		5476D96418E2E4F300EF2FE8 /* DepictionTests.m in Sources */ = {isa = PBXBuildFile; fileRef = 5476D96318E2E4F300EF2FE8 /* DepictionTests.m */; };
		547D522018E48DFF00ECDA42 /* UIColor+Theme.m in Sources */ = {isa = PBXBuildFile; fileRef = 547D521B18E48DFF00ECDA42 /* UIColor+Theme.m */; };
		547D522118E48DFF00ECDA42 /* UIFont+Theme.m in Sources */ = {isa = PBXBuildFile; fileRef = 547D521D18E48DFF00ECDA42 /* UIFont+Theme.m */; };
		547D522218E48DFF00ECDA42 /* UIImage+Resize.m in Sources */ = {isa = PBXBuildFile; fileRef = 547D521F18E48DFF00ECDA42 /* UIImage+Resize.m */; };
		548E4C7718E2F8D4001C53C0 /* PTDFriendsTableViewController.m in Sources */ = {isa = PBXBuildFile; fileRef = 548E4C7618E2F8D4001C53C0 /* PTDFriendsTableViewController.m */; };
		548E4C7A18E3342B001C53C0 /* PTDMessagesTableViewController.m in Sources */ = {isa = PBXBuildFile; fileRef = 548E4C7918E3342B001C53C0 /* PTDMessagesTableViewController.m */; };
		54A14F7918E2F404007EE3D8 /* Storyboard.storyboard in Resources */ = {isa = PBXBuildFile; fileRef = 54A14F7818E2F404007EE3D8 /* Storyboard.storyboard */; };
		7EF006B29C884F4A903F6471 /* libPods.a in Frameworks */ = {isa = PBXBuildFile; fileRef = 036CA61BC5504E0EB6EFF6D7 /* libPods.a */; };
/* End PBXBuildFile section */

/* Begin PBXContainerItemProxy section */
		5476D95B18E2E4F300EF2FE8 /* PBXContainerItemProxy */ = {
			isa = PBXContainerItemProxy;
			containerPortal = 5476D93318E2E4F300EF2FE8 /* Project object */;
			proxyType = 1;
			remoteGlobalIDString = 5476D93A18E2E4F300EF2FE8;
			remoteInfo = Depiction;
		};
/* End PBXContainerItemProxy section */

/* Begin PBXFileReference section */
		036CA61BC5504E0EB6EFF6D7 /* libPods.a */ = {isa = PBXFileReference; explicitFileType = archive.ar; includeInIndex = 0; path = libPods.a; sourceTree = BUILT_PRODUCTS_DIR; };
		546B0DFC18E5897D0083A1C1 /* PTDLoginTableViewController.h */ = {isa = PBXFileReference; fileEncoding = 4; lastKnownFileType = sourcecode.c.h; path = PTDLoginTableViewController.h; sourceTree = "<group>"; };
		546B0DFD18E5897D0083A1C1 /* PTDLoginTableViewController.m */ = {isa = PBXFileReference; fileEncoding = 4; lastKnownFileType = sourcecode.c.objc; path = PTDLoginTableViewController.m; sourceTree = "<group>"; };
		5476D93B18E2E4F300EF2FE8 /* Depiction.app */ = {isa = PBXFileReference; explicitFileType = wrapper.application; includeInIndex = 0; path = Depiction.app; sourceTree = BUILT_PRODUCTS_DIR; };
		5476D93E18E2E4F300EF2FE8 /* Foundation.framework */ = {isa = PBXFileReference; lastKnownFileType = wrapper.framework; name = Foundation.framework; path = System/Library/Frameworks/Foundation.framework; sourceTree = SDKROOT; };
		5476D94018E2E4F300EF2FE8 /* CoreGraphics.framework */ = {isa = PBXFileReference; lastKnownFileType = wrapper.framework; name = CoreGraphics.framework; path = System/Library/Frameworks/CoreGraphics.framework; sourceTree = SDKROOT; };
		5476D94218E2E4F300EF2FE8 /* UIKit.framework */ = {isa = PBXFileReference; lastKnownFileType = wrapper.framework; name = UIKit.framework; path = System/Library/Frameworks/UIKit.framework; sourceTree = SDKROOT; };
		5476D94618E2E4F300EF2FE8 /* Depiction-Info.plist */ = {isa = PBXFileReference; lastKnownFileType = text.plist.xml; path = "Depiction-Info.plist"; sourceTree = "<group>"; };
		5476D94818E2E4F300EF2FE8 /* en */ = {isa = PBXFileReference; lastKnownFileType = text.plist.strings; name = en; path = en.lproj/InfoPlist.strings; sourceTree = "<group>"; };
		5476D94A18E2E4F300EF2FE8 /* main.m */ = {isa = PBXFileReference; lastKnownFileType = sourcecode.c.objc; path = main.m; sourceTree = "<group>"; };
		5476D94C18E2E4F300EF2FE8 /* Depiction-Prefix.pch */ = {isa = PBXFileReference; lastKnownFileType = sourcecode.c.h; path = "Depiction-Prefix.pch"; sourceTree = "<group>"; };
		5476D94D18E2E4F300EF2FE8 /* PTDAppDelegate.h */ = {isa = PBXFileReference; lastKnownFileType = sourcecode.c.h; path = PTDAppDelegate.h; sourceTree = "<group>"; };
		5476D94E18E2E4F300EF2FE8 /* PTDAppDelegate.m */ = {isa = PBXFileReference; lastKnownFileType = sourcecode.c.objc; path = PTDAppDelegate.m; sourceTree = "<group>"; };
		5476D95018E2E4F300EF2FE8 /* Images.xcassets */ = {isa = PBXFileReference; lastKnownFileType = folder.assetcatalog; path = Images.xcassets; sourceTree = "<group>"; };
		5476D95618E2E4F300EF2FE8 /* DepictionTests.xctest */ = {isa = PBXFileReference; explicitFileType = wrapper.cfbundle; includeInIndex = 0; path = DepictionTests.xctest; sourceTree = BUILT_PRODUCTS_DIR; };
		5476D95718E2E4F300EF2FE8 /* XCTest.framework */ = {isa = PBXFileReference; lastKnownFileType = wrapper.framework; name = XCTest.framework; path = Library/Frameworks/XCTest.framework; sourceTree = DEVELOPER_DIR; };
		5476D95F18E2E4F300EF2FE8 /* DepictionTests-Info.plist */ = {isa = PBXFileReference; lastKnownFileType = text.plist.xml; path = "DepictionTests-Info.plist"; sourceTree = "<group>"; };
		5476D96118E2E4F300EF2FE8 /* en */ = {isa = PBXFileReference; lastKnownFileType = text.plist.strings; name = en; path = en.lproj/InfoPlist.strings; sourceTree = "<group>"; };
		5476D96318E2E4F300EF2FE8 /* DepictionTests.m */ = {isa = PBXFileReference; lastKnownFileType = sourcecode.c.objc; path = DepictionTests.m; sourceTree = "<group>"; };
		547D521A18E48DFF00ECDA42 /* UIColor+Theme.h */ = {isa = PBXFileReference; fileEncoding = 4; lastKnownFileType = sourcecode.c.h; name = "UIColor+Theme.h"; path = "../../../../../Downloads/iOS-master/depiction_categories/Categories/UIColor+Theme.h"; sourceTree = "<group>"; };
		547D521B18E48DFF00ECDA42 /* UIColor+Theme.m */ = {isa = PBXFileReference; fileEncoding = 4; lastKnownFileType = sourcecode.c.objc; name = "UIColor+Theme.m"; path = "../../../../../Downloads/iOS-master/depiction_categories/Categories/UIColor+Theme.m"; sourceTree = "<group>"; };
		547D521C18E48DFF00ECDA42 /* UIFont+Theme.h */ = {isa = PBXFileReference; fileEncoding = 4; lastKnownFileType = sourcecode.c.h; name = "UIFont+Theme.h"; path = "../../../../../Downloads/iOS-master/depiction_categories/Categories/UIFont+Theme.h"; sourceTree = "<group>"; };
		547D521D18E48DFF00ECDA42 /* UIFont+Theme.m */ = {isa = PBXFileReference; fileEncoding = 4; lastKnownFileType = sourcecode.c.objc; name = "UIFont+Theme.m"; path = "../../../../../Downloads/iOS-master/depiction_categories/Categories/UIFont+Theme.m"; sourceTree = "<group>"; };
		547D521E18E48DFF00ECDA42 /* UIImage+Resize.h */ = {isa = PBXFileReference; fileEncoding = 4; lastKnownFileType = sourcecode.c.h; name = "UIImage+Resize.h"; path = "../../../../../Downloads/iOS-master/depiction_categories/Categories/UIImage+Resize.h"; sourceTree = "<group>"; };
		547D521F18E48DFF00ECDA42 /* UIImage+Resize.m */ = {isa = PBXFileReference; fileEncoding = 4; lastKnownFileType = sourcecode.c.objc; name = "UIImage+Resize.m"; path = "../../../../../Downloads/iOS-master/depiction_categories/Categories/UIImage+Resize.m"; sourceTree = "<group>"; };
		548E4C7518E2F8D4001C53C0 /* PTDFriendsTableViewController.h */ = {isa = PBXFileReference; fileEncoding = 4; lastKnownFileType = sourcecode.c.h; path = PTDFriendsTableViewController.h; sourceTree = "<group>"; };
		548E4C7618E2F8D4001C53C0 /* PTDFriendsTableViewController.m */ = {isa = PBXFileReference; fileEncoding = 4; lastKnownFileType = sourcecode.c.objc; path = PTDFriendsTableViewController.m; sourceTree = "<group>"; };
		548E4C7818E3342B001C53C0 /* PTDMessagesTableViewController.h */ = {isa = PBXFileReference; fileEncoding = 4; lastKnownFileType = sourcecode.c.h; path = PTDMessagesTableViewController.h; sourceTree = "<group>"; };
		548E4C7918E3342B001C53C0 /* PTDMessagesTableViewController.m */ = {isa = PBXFileReference; fileEncoding = 4; lastKnownFileType = sourcecode.c.objc; path = PTDMessagesTableViewController.m; sourceTree = "<group>"; };
		54A14F7818E2F404007EE3D8 /* Storyboard.storyboard */ = {isa = PBXFileReference; fileEncoding = 4; lastKnownFileType = file.storyboard; path = Storyboard.storyboard; sourceTree = "<group>"; };
		CA95CFE9ED6E4238BFB4B520 /* Pods.xcconfig */ = {isa = PBXFileReference; includeInIndex = 1; lastKnownFileType = text.xcconfig; name = Pods.xcconfig; path = Pods/Pods.xcconfig; sourceTree = "<group>"; };
/* End PBXFileReference section */

/* Begin PBXFrameworksBuildPhase section */
		5476D93818E2E4F300EF2FE8 /* Frameworks */ = {
			isa = PBXFrameworksBuildPhase;
			buildActionMask = 2147483647;
			files = (
				5476D94118E2E4F300EF2FE8 /* CoreGraphics.framework in Frameworks */,
				5476D94318E2E4F300EF2FE8 /* UIKit.framework in Frameworks */,
				5476D93F18E2E4F300EF2FE8 /* Foundation.framework in Frameworks */,
				7EF006B29C884F4A903F6471 /* libPods.a in Frameworks */,
			);
			runOnlyForDeploymentPostprocessing = 0;
		};
		5476D95318E2E4F300EF2FE8 /* Frameworks */ = {
			isa = PBXFrameworksBuildPhase;
			buildActionMask = 2147483647;
			files = (
				5476D95818E2E4F300EF2FE8 /* XCTest.framework in Frameworks */,
				5476D95A18E2E4F300EF2FE8 /* UIKit.framework in Frameworks */,
				5476D95918E2E4F300EF2FE8 /* Foundation.framework in Frameworks */,
			);
			runOnlyForDeploymentPostprocessing = 0;
		};
/* End PBXFrameworksBuildPhase section */

/* Begin PBXGroup section */
		5476D93218E2E4F300EF2FE8 = {
			isa = PBXGroup;
			children = (
				5476D94418E2E4F300EF2FE8 /* Depiction */,
				5476D95D18E2E4F300EF2FE8 /* DepictionTests */,
				5476D93D18E2E4F300EF2FE8 /* Frameworks */,
				5476D93C18E2E4F300EF2FE8 /* Products */,
				CA95CFE9ED6E4238BFB4B520 /* Pods.xcconfig */,
			);
			sourceTree = "<group>";
		};
		5476D93C18E2E4F300EF2FE8 /* Products */ = {
			isa = PBXGroup;
			children = (
				5476D93B18E2E4F300EF2FE8 /* Depiction.app */,
				5476D95618E2E4F300EF2FE8 /* DepictionTests.xctest */,
			);
			name = Products;
			sourceTree = "<group>";
		};
		5476D93D18E2E4F300EF2FE8 /* Frameworks */ = {
			isa = PBXGroup;
			children = (
				5476D93E18E2E4F300EF2FE8 /* Foundation.framework */,
				5476D94018E2E4F300EF2FE8 /* CoreGraphics.framework */,
				5476D94218E2E4F300EF2FE8 /* UIKit.framework */,
				5476D95718E2E4F300EF2FE8 /* XCTest.framework */,
				036CA61BC5504E0EB6EFF6D7 /* libPods.a */,
			);
			name = Frameworks;
			sourceTree = "<group>";
		};
		5476D94418E2E4F300EF2FE8 /* Depiction */ = {
			isa = PBXGroup;
			children = (
				547D521918E48DE300ECDA42 /* Categories */,
				548E4C7418E2F833001C53C0 /* Controllers */,
				5476D94D18E2E4F300EF2FE8 /* PTDAppDelegate.h */,
				5476D94E18E2E4F300EF2FE8 /* PTDAppDelegate.m */,
				5476D95018E2E4F300EF2FE8 /* Images.xcassets */,
				5476D94518E2E4F300EF2FE8 /* Supporting Files */,
				54A14F7818E2F404007EE3D8 /* Storyboard.storyboard */,
			);
			path = Depiction;
			sourceTree = "<group>";
		};
		5476D94518E2E4F300EF2FE8 /* Supporting Files */ = {
			isa = PBXGroup;
			children = (
				5476D94618E2E4F300EF2FE8 /* Depiction-Info.plist */,
				5476D94718E2E4F300EF2FE8 /* InfoPlist.strings */,
				5476D94A18E2E4F300EF2FE8 /* main.m */,
				5476D94C18E2E4F300EF2FE8 /* Depiction-Prefix.pch */,
			);
			name = "Supporting Files";
			sourceTree = "<group>";
		};
		5476D95D18E2E4F300EF2FE8 /* DepictionTests */ = {
			isa = PBXGroup;
			children = (
				5476D96318E2E4F300EF2FE8 /* DepictionTests.m */,
				5476D95E18E2E4F300EF2FE8 /* Supporting Files */,
			);
			path = DepictionTests;
			sourceTree = "<group>";
		};
		5476D95E18E2E4F300EF2FE8 /* Supporting Files */ = {
			isa = PBXGroup;
			children = (
				5476D95F18E2E4F300EF2FE8 /* DepictionTests-Info.plist */,
				5476D96018E2E4F300EF2FE8 /* InfoPlist.strings */,
			);
			name = "Supporting Files";
			sourceTree = "<group>";
		};
		547D521918E48DE300ECDA42 /* Categories */ = {
			isa = PBXGroup;
			children = (
				547D521A18E48DFF00ECDA42 /* UIColor+Theme.h */,
				547D521B18E48DFF00ECDA42 /* UIColor+Theme.m */,
				547D521C18E48DFF00ECDA42 /* UIFont+Theme.h */,
				547D521D18E48DFF00ECDA42 /* UIFont+Theme.m */,
				547D521E18E48DFF00ECDA42 /* UIImage+Resize.h */,
				547D521F18E48DFF00ECDA42 /* UIImage+Resize.m */,
			);
			name = Categories;
			sourceTree = "<group>";
		};
		548E4C7418E2F833001C53C0 /* Controllers */ = {
			isa = PBXGroup;
			children = (
				548E4C7518E2F8D4001C53C0 /* PTDFriendsTableViewController.h */,
				548E4C7618E2F8D4001C53C0 /* PTDFriendsTableViewController.m */,
				548E4C7818E3342B001C53C0 /* PTDMessagesTableViewController.h */,
				548E4C7918E3342B001C53C0 /* PTDMessagesTableViewController.m */,
				546B0DFC18E5897D0083A1C1 /* PTDLoginTableViewController.h */,
				546B0DFD18E5897D0083A1C1 /* PTDLoginTableViewController.m */,
			);
			name = Controllers;
			sourceTree = "<group>";
		};
/* End PBXGroup section */

/* Begin PBXNativeTarget section */
		5476D93A18E2E4F300EF2FE8 /* Depiction */ = {
			isa = PBXNativeTarget;
			buildConfigurationList = 5476D96718E2E4F300EF2FE8 /* Build configuration list for PBXNativeTarget "Depiction" */;
			buildPhases = (
				8DED432F4444426AA8FB3A57 /* Check Pods Manifest.lock */,
				5476D93718E2E4F300EF2FE8 /* Sources */,
				5476D93818E2E4F300EF2FE8 /* Frameworks */,
				5476D93918E2E4F300EF2FE8 /* Resources */,
				73602E81F3CC46C79854F8AB /* Copy Pods Resources */,
			);
			buildRules = (
			);
			dependencies = (
			);
			name = Depiction;
			productName = Depiction;
			productReference = 5476D93B18E2E4F300EF2FE8 /* Depiction.app */;
			productType = "com.apple.product-type.application";
		};
		5476D95518E2E4F300EF2FE8 /* DepictionTests */ = {
			isa = PBXNativeTarget;
			buildConfigurationList = 5476D96A18E2E4F300EF2FE8 /* Build configuration list for PBXNativeTarget "DepictionTests" */;
			buildPhases = (
				5476D95218E2E4F300EF2FE8 /* Sources */,
				5476D95318E2E4F300EF2FE8 /* Frameworks */,
				5476D95418E2E4F300EF2FE8 /* Resources */,
			);
			buildRules = (
			);
			dependencies = (
				5476D95C18E2E4F300EF2FE8 /* PBXTargetDependency */,
			);
			name = DepictionTests;
			productName = DepictionTests;
			productReference = 5476D95618E2E4F300EF2FE8 /* DepictionTests.xctest */;
			productType = "com.apple.product-type.bundle.unit-test";
		};
/* End PBXNativeTarget section */

/* Begin PBXProject section */
		5476D93318E2E4F300EF2FE8 /* Project object */ = {
			isa = PBXProject;
			attributes = {
				CLASSPREFIX = PTD;
				LastUpgradeCheck = 0510;
				ORGANIZATIONNAME = "Painted Ltd.";
				TargetAttributes = {
					5476D93A18E2E4F300EF2FE8 = {
						DevelopmentTeam = 9GWTYJ9BTN;
					};
					5476D95518E2E4F300EF2FE8 = {
						TestTargetID = 5476D93A18E2E4F300EF2FE8;
					};
				};
			};
			buildConfigurationList = 5476D93618E2E4F300EF2FE8 /* Build configuration list for PBXProject "Depiction" */;
			compatibilityVersion = "Xcode 3.2";
			developmentRegion = English;
			hasScannedForEncodings = 0;
			knownRegions = (
				en,
			);
			mainGroup = 5476D93218E2E4F300EF2FE8;
			productRefGroup = 5476D93C18E2E4F300EF2FE8 /* Products */;
			projectDirPath = "";
			projectRoot = "";
			targets = (
				5476D93A18E2E4F300EF2FE8 /* Depiction */,
				5476D95518E2E4F300EF2FE8 /* DepictionTests */,
			);
		};
/* End PBXProject section */

/* Begin PBXResourcesBuildPhase section */
		5476D93918E2E4F300EF2FE8 /* Resources */ = {
			isa = PBXResourcesBuildPhase;
			buildActionMask = 2147483647;
			files = (
				5476D94918E2E4F300EF2FE8 /* InfoPlist.strings in Resources */,
				5476D95118E2E4F300EF2FE8 /* Images.xcassets in Resources */,
				54A14F7918E2F404007EE3D8 /* Storyboard.storyboard in Resources */,
			);
			runOnlyForDeploymentPostprocessing = 0;
		};
		5476D95418E2E4F300EF2FE8 /* Resources */ = {
			isa = PBXResourcesBuildPhase;
			buildActionMask = 2147483647;
			files = (
				5476D96218E2E4F300EF2FE8 /* InfoPlist.strings in Resources */,
			);
			runOnlyForDeploymentPostprocessing = 0;
		};
/* End PBXResourcesBuildPhase section */

/* Begin PBXShellScriptBuildPhase section */
		73602E81F3CC46C79854F8AB /* Copy Pods Resources */ = {
			isa = PBXShellScriptBuildPhase;
			buildActionMask = 2147483647;
			files = (
			);
			inputPaths = (
			);
			name = "Copy Pods Resources";
			outputPaths = (
			);
			runOnlyForDeploymentPostprocessing = 0;
			shellPath = /bin/sh;
			shellScript = "\"${SRCROOT}/Pods/Pods-resources.sh\"\n";
			showEnvVarsInLog = 0;
		};
		8DED432F4444426AA8FB3A57 /* Check Pods Manifest.lock */ = {
			isa = PBXShellScriptBuildPhase;
			buildActionMask = 2147483647;
			files = (
			);
			inputPaths = (
			);
			name = "Check Pods Manifest.lock";
			outputPaths = (
			);
			runOnlyForDeploymentPostprocessing = 0;
			shellPath = /bin/sh;
			shellScript = "diff \"${PODS_ROOT}/../Podfile.lock\" \"${PODS_ROOT}/Manifest.lock\" > /dev/null\nif [[ $? != 0 ]] ; then\n    cat << EOM\nerror: The sandbox is not in sync with the Podfile.lock. Run 'pod install' or update your CocoaPods installation.\nEOM\n    exit 1\nfi\n";
			showEnvVarsInLog = 0;
		};
/* End PBXShellScriptBuildPhase section */

/* Begin PBXSourcesBuildPhase section */
		5476D93718E2E4F300EF2FE8 /* Sources */ = {
			isa = PBXSourcesBuildPhase;
			buildActionMask = 2147483647;
			files = (
				546B0DFE18E5897D0083A1C1 /* PTDLoginTableViewController.m in Sources */,
				548E4C7A18E3342B001C53C0 /* PTDMessagesTableViewController.m in Sources */,
				547D522018E48DFF00ECDA42 /* UIColor+Theme.m in Sources */,
				547D522118E48DFF00ECDA42 /* UIFont+Theme.m in Sources */,
				548E4C7718E2F8D4001C53C0 /* PTDFriendsTableViewController.m in Sources */,
				5476D94B18E2E4F300EF2FE8 /* main.m in Sources */,
				5476D94F18E2E4F300EF2FE8 /* PTDAppDelegate.m in Sources */,
				547D522218E48DFF00ECDA42 /* UIImage+Resize.m in Sources */,
			);
			runOnlyForDeploymentPostprocessing = 0;
		};
		5476D95218E2E4F300EF2FE8 /* Sources */ = {
			isa = PBXSourcesBuildPhase;
			buildActionMask = 2147483647;
			files = (
				5476D96418E2E4F300EF2FE8 /* DepictionTests.m in Sources */,
			);
			runOnlyForDeploymentPostprocessing = 0;
		};
/* End PBXSourcesBuildPhase section */

/* Begin PBXTargetDependency section */
		5476D95C18E2E4F300EF2FE8 /* PBXTargetDependency */ = {
			isa = PBXTargetDependency;
			target = 5476D93A18E2E4F300EF2FE8 /* Depiction */;
			targetProxy = 5476D95B18E2E4F300EF2FE8 /* PBXContainerItemProxy */;
		};
/* End PBXTargetDependency section */

/* Begin PBXVariantGroup section */
		5476D94718E2E4F300EF2FE8 /* InfoPlist.strings */ = {
			isa = PBXVariantGroup;
			children = (
				5476D94818E2E4F300EF2FE8 /* en */,
			);
			name = InfoPlist.strings;
			sourceTree = "<group>";
		};
		5476D96018E2E4F300EF2FE8 /* InfoPlist.strings */ = {
			isa = PBXVariantGroup;
			children = (
				5476D96118E2E4F300EF2FE8 /* en */,
			);
			name = InfoPlist.strings;
			sourceTree = "<group>";
		};
/* End PBXVariantGroup section */

/* Begin XCBuildConfiguration section */
		5476D96518E2E4F300EF2FE8 /* Debug */ = {
			isa = XCBuildConfiguration;
			buildSettings = {
				ALWAYS_SEARCH_USER_PATHS = NO;
				CLANG_CXX_LANGUAGE_STANDARD = "gnu++0x";
				CLANG_CXX_LIBRARY = "libc++";
				CLANG_ENABLE_MODULES = YES;
				CLANG_ENABLE_OBJC_ARC = YES;
				CLANG_WARN_BOOL_CONVERSION = YES;
				CLANG_WARN_CONSTANT_CONVERSION = YES;
				CLANG_WARN_DIRECT_OBJC_ISA_USAGE = YES_ERROR;
				CLANG_WARN_EMPTY_BODY = YES;
				CLANG_WARN_ENUM_CONVERSION = YES;
				CLANG_WARN_INT_CONVERSION = YES;
				CLANG_WARN_OBJC_ROOT_CLASS = YES_ERROR;
				CLANG_WARN__DUPLICATE_METHOD_MATCH = YES;
				"CODE_SIGN_IDENTITY[sdk=iphoneos*]" = "iPhone Developer";
				COPY_PHASE_STRIP = NO;
				GCC_C_LANGUAGE_STANDARD = gnu99;
				GCC_DYNAMIC_NO_PIC = NO;
				GCC_OPTIMIZATION_LEVEL = 0;
				GCC_PREPROCESSOR_DEFINITIONS = (
					"DEBUG=1",
					"$(inherited)",
				);
				GCC_SYMBOLS_PRIVATE_EXTERN = NO;
				GCC_WARN_64_TO_32_BIT_CONVERSION = YES;
				GCC_WARN_ABOUT_RETURN_TYPE = YES_ERROR;
				GCC_WARN_UNDECLARED_SELECTOR = YES;
				GCC_WARN_UNINITIALIZED_AUTOS = YES_AGGRESSIVE;
				GCC_WARN_UNUSED_FUNCTION = YES;
				GCC_WARN_UNUSED_VARIABLE = YES;
				IPHONEOS_DEPLOYMENT_TARGET = 7.1;
				ONLY_ACTIVE_ARCH = YES;
				SDKROOT = iphoneos;
				TARGETED_DEVICE_FAMILY = "1,2";
			};
			name = Debug;
		};
		5476D96618E2E4F300EF2FE8 /* Release */ = {
			isa = XCBuildConfiguration;
			buildSettings = {
				ALWAYS_SEARCH_USER_PATHS = NO;
				CLANG_CXX_LANGUAGE_STANDARD = "gnu++0x";
				CLANG_CXX_LIBRARY = "libc++";
				CLANG_ENABLE_MODULES = YES;
				CLANG_ENABLE_OBJC_ARC = YES;
				CLANG_WARN_BOOL_CONVERSION = YES;
				CLANG_WARN_CONSTANT_CONVERSION = YES;
				CLANG_WARN_DIRECT_OBJC_ISA_USAGE = YES_ERROR;
				CLANG_WARN_EMPTY_BODY = YES;
				CLANG_WARN_ENUM_CONVERSION = YES;
				CLANG_WARN_INT_CONVERSION = YES;
				CLANG_WARN_OBJC_ROOT_CLASS = YES_ERROR;
				CLANG_WARN__DUPLICATE_METHOD_MATCH = YES;
				"CODE_SIGN_IDENTITY[sdk=iphoneos*]" = "iPhone Developer";
				COPY_PHASE_STRIP = YES;
				ENABLE_NS_ASSERTIONS = NO;
				GCC_C_LANGUAGE_STANDARD = gnu99;
				GCC_WARN_64_TO_32_BIT_CONVERSION = YES;
				GCC_WARN_ABOUT_RETURN_TYPE = YES_ERROR;
				GCC_WARN_UNDECLARED_SELECTOR = YES;
				GCC_WARN_UNINITIALIZED_AUTOS = YES_AGGRESSIVE;
				GCC_WARN_UNUSED_FUNCTION = YES;
				GCC_WARN_UNUSED_VARIABLE = YES;
				IPHONEOS_DEPLOYMENT_TARGET = 7.1;
				SDKROOT = iphoneos;
				TARGETED_DEVICE_FAMILY = "1,2";
				VALIDATE_PRODUCT = YES;
			};
			name = Release;
		};
		5476D96818E2E4F300EF2FE8 /* Debug */ = {
			isa = XCBuildConfiguration;
			baseConfigurationReference = CA95CFE9ED6E4238BFB4B520 /* Pods.xcconfig */;
			buildSettings = {
				ASSETCATALOG_COMPILER_APPICON_NAME = AppIcon;
				ASSETCATALOG_COMPILER_LAUNCHIMAGE_NAME = LaunchImage;
				CODE_SIGN_IDENTITY = "iPhone Developer";
				GCC_PRECOMPILE_PREFIX_HEADER = YES;
				GCC_PREFIX_HEADER = "Depiction/Depiction-Prefix.pch";
				INFOPLIST_FILE = "Depiction/Depiction-Info.plist";
				IPHONEOS_DEPLOYMENT_TARGET = 7.0;
				PRODUCT_NAME = "$(TARGET_NAME)";
				WRAPPER_EXTENSION = app;
			};
			name = Debug;
		};
		5476D96918E2E4F300EF2FE8 /* Release */ = {
			isa = XCBuildConfiguration;
			baseConfigurationReference = CA95CFE9ED6E4238BFB4B520 /* Pods.xcconfig */;
			buildSettings = {
				ASSETCATALOG_COMPILER_APPICON_NAME = AppIcon;
				ASSETCATALOG_COMPILER_LAUNCHIMAGE_NAME = LaunchImage;
				CODE_SIGN_IDENTITY = "iPhone Developer";
				GCC_PRECOMPILE_PREFIX_HEADER = YES;
				GCC_PREFIX_HEADER = "Depiction/Depiction-Prefix.pch";
				INFOPLIST_FILE = "Depiction/Depiction-Info.plist";
				IPHONEOS_DEPLOYMENT_TARGET = 7.0;
				PRODUCT_NAME = "$(TARGET_NAME)";
				WRAPPER_EXTENSION = app;
			};
			name = Release;
		};
		5476D96B18E2E4F300EF2FE8 /* Debug */ = {
			isa = XCBuildConfiguration;
			buildSettings = {
				BUNDLE_LOADER = "$(BUILT_PRODUCTS_DIR)/Depiction.app/Depiction";
				FRAMEWORK_SEARCH_PATHS = (
					"$(SDKROOT)/Developer/Library/Frameworks",
					"$(inherited)",
					"$(DEVELOPER_FRAMEWORKS_DIR)",
				);
				GCC_PRECOMPILE_PREFIX_HEADER = YES;
				GCC_PREFIX_HEADER = "Depiction/Depiction-Prefix.pch";
				GCC_PREPROCESSOR_DEFINITIONS = (
					"DEBUG=1",
					"$(inherited)",
				);
				INFOPLIST_FILE = "DepictionTests/DepictionTests-Info.plist";
				PRODUCT_NAME = "$(TARGET_NAME)";
				TEST_HOST = "$(BUNDLE_LOADER)";
				WRAPPER_EXTENSION = xctest;
			};
			name = Debug;
		};
		5476D96C18E2E4F300EF2FE8 /* Release */ = {
			isa = XCBuildConfiguration;
			buildSettings = {
				BUNDLE_LOADER = "$(BUILT_PRODUCTS_DIR)/Depiction.app/Depiction";
				FRAMEWORK_SEARCH_PATHS = (
					"$(SDKROOT)/Developer/Library/Frameworks",
					"$(inherited)",
					"$(DEVELOPER_FRAMEWORKS_DIR)",
				);
				GCC_PRECOMPILE_PREFIX_HEADER = YES;
				GCC_PREFIX_HEADER = "Depiction/Depiction-Prefix.pch";
				INFOPLIST_FILE = "DepictionTests/DepictionTests-Info.plist";
				PRODUCT_NAME = "$(TARGET_NAME)";
				TEST_HOST = "$(BUNDLE_LOADER)";
				WRAPPER_EXTENSION = xctest;
			};
			name = Release;
		};
/* End XCBuildConfiguration section */

/* Begin XCConfigurationList section */
		5476D93618E2E4F300EF2FE8 /* Build configuration list for PBXProject "Depiction" */ = {
			isa = XCConfigurationList;
			buildConfigurations = (
				5476D96518E2E4F300EF2FE8 /* Debug */,
				5476D96618E2E4F300EF2FE8 /* Release */,
			);
			defaultConfigurationIsVisible = 0;
			defaultConfigurationName = Release;
		};
		5476D96718E2E4F300EF2FE8 /* Build configuration list for PBXNativeTarget "Depiction" */ = {
			isa = XCConfigurationList;
			buildConfigurations = (
				5476D96818E2E4F300EF2FE8 /* Debug */,
				5476D96918E2E4F300EF2FE8 /* Release */,
			);
			defaultConfigurationIsVisible = 0;
			defaultConfigurationName = Release;
		};
		5476D96A18E2E4F300EF2FE8 /* Build configuration list for PBXNativeTarget "DepictionTests" */ = {
			isa = XCConfigurationList;
			buildConfigurations = (
				5476D96B18E2E4F300EF2FE8 /* Debug */,
				5476D96C18E2E4F300EF2FE8 /* Release */,
			);
			defaultConfigurationIsVisible = 0;
			defaultConfigurationName = Release;
		};
/* End XCConfigurationList section */
	};
	rootObject = 5476D93318E2E4F300EF2FE8 /* Project object */;
}
